
Microsoft Visual Studio Solution File, Format Version 12.00
# Visual Studio Version 17
VisualStudioVersion = 17.9.34714.143
MinimumVisualStudioVersion = 10.0.40219.1
Project("{FAE04EC0-301F-11D3-BF4B-00C04F79EFBC}") = "SampleNeo4J", "SampleNeo4J.csproj", "{8D6D57B8-AC36-4C4A-9ED9-FCC89B1B69D0}"
EndProject
Global
	GlobalSection(SolutionConfigurationPlatforms) = preSolution
		Debug|Any CPU = Debug|Any CPU
		Release|Any CPU = Release|Any CPU
	EndGlobalSection
	GlobalSection(ProjectConfigurationPlatforms) = postSolution
		{8D6D57B8-AC36-4C4A-9ED9-FCC89B1B69D0}.Debug|Any CPU.ActiveCfg = Debug|Any CPU
		{8D6D57B8-AC36-4C4A-9ED9-FCC89B1B69D0}.Debug|Any CPU.Build.0 = Debug|Any CPU
		{8D6D57B8-AC36-4C4A-9ED9-FCC89B1B69D0}.Release|Any CPU.ActiveCfg = Release|Any CPU
		{8D6D57B8-AC36-4C4A-9ED9-FCC89B1B69D0}.Release|Any CPU.Build.0 = Release|Any CPU
	EndGlobalSection
	GlobalSection(SolutionProperties) = preSolution
		HideSolutionNode = FALSE
	EndGlobalSection
	GlobalSection(ExtensibilityGlobals) = postSolution
		SolutionGuid = {7DB16636-B45D-4B36-8AF6-02C20DD7CD6D}
	EndGlobalSection
EndGlobal
